<Solution>
  <Project Path="Battlesnake.Domain.Tests/Battlesnake.Domain.Tests.csproj" Id="8b0a40a0-8a83-434e-bcc6-27e90b5e714e" />
  <Project Path="Battlesnake.Domain/Battlesnake.Domain.csproj" Id="fc37bed9-c464-45b1-8c18-d72c04e16c65" />
  <Project Path="Battlesnake.WebApi/Battlesnake.WebApi.csproj" />
</Solution>
